
Microsoft Visual Studio Solution File, Format Version 12.00
# Visual Studio Version 17
VisualStudioVersion = 17.9.34701.34
MinimumVisualStudioVersion = 10.0.40219.1
Project("{FAE04EC0-301F-11D3-BF4B-00C04F79EFBC}") = "FootballManagerBackend", "FootballManagerBackend\FootballManagerBackend.csproj", "{E5F48E9B-6FB1-40D1-BBC7-1BB49A51E3C6}"
EndProject
Global
	GlobalSection(SolutionConfigurationPlatforms) = preSolution
		Debug|Any CPU = Debug|Any CPU
		Release|Any CPU = Release|Any CPU
	EndGlobalSection
	GlobalSection(ProjectConfigurationPlatforms) = postSolution
		{E5F48E9B-6FB1-40D1-BBC7-1BB49A51E3C6}.Debug|Any CPU.ActiveCfg = Debug|Any CPU
		{E5F48E9B-6FB1-40D1-BBC7-1BB49A51E3C6}.Debug|Any CPU.Build.0 = Debug|Any CPU
		{E5F48E9B-6FB1-40D1-BBC7-1BB49A51E3C6}.Release|Any CPU.ActiveCfg = Release|Any CPU
		{E5F48E9B-6FB1-40D1-BBC7-1BB49A51E3C6}.Release|Any CPU.Build.0 = Release|Any CPU
	EndGlobalSection
	GlobalSection(SolutionProperties) = preSolution
		HideSolutionNode = FALSE
	EndGlobalSection
	GlobalSection(ExtensibilityGlobals) = postSolution
		SolutionGuid = {FFD23481-9189-4D55-AEFE-4A0BA1200468}
	EndGlobalSection
EndGlobal
